// !$*UTF8*$!
{
	archiveVersion = 1;
	classes = {
	};
	objectVersion = 56;
	objects = {

/* Begin PBXBuildFile section */
		FC202D052CACAF9B00F93F7F /* Unit_ConverterApp.swift in Sources */ = {isa = PBXBuildFile; fileRef = FC202D042CACAF9B00F93F7F /* Unit_ConverterApp.swift */; };
		FC202D072CACAF9B00F93F7F /* ContentView.swift in Sources */ = {isa = PBXBuildFile; fileRef = FC202D062CACAF9B00F93F7F /* ContentView.swift */; };
		FC202D092CACAF9C00F93F7F /* Assets.xcassets in Resources */ = {isa = PBXBuildFile; fileRef = FC202D082CACAF9C00F93F7F /* Assets.xcassets */; };
		FC202D0C2CACAF9C00F93F7F /* Preview Assets.xcassets in Resources */ = {isa = PBXBuildFile; fileRef = FC202D0B2CACAF9C00F93F7F /* Preview Assets.xcassets */; };
		FC202D162CACAF9C00F93F7F /* Unit_ConverterTests.swift in Sources */ = {isa = PBXBuildFile; fileRef = FC202D152CACAF9C00F93F7F /* Unit_ConverterTests.swift */; };
		FC202D202CACAF9C00F93F7F /* Unit_ConverterUITests.swift in Sources */ = {isa = PBXBuildFile; fileRef = FC202D1F2CACAF9C00F93F7F /* Unit_ConverterUITests.swift */; };
		FC202D222CACAF9C00F93F7F /* Unit_ConverterUITestsLaunchTests.swift in Sources */ = {isa = PBXBuildFile; fileRef = FC202D212CACAF9C00F93F7F /* Unit_ConverterUITestsLaunchTests.swift */; };
/* End PBXBuildFile section */

/* Begin PBXContainerItemProxy section */
		FC202D122CACAF9C00F93F7F /* PBXContainerItemProxy */ = {
			isa = PBXContainerItemProxy;
			containerPortal = FC202CF92CACAF9B00F93F7F /* Project object */;
			proxyType = 1;
			remoteGlobalIDString = FC202D002CACAF9B00F93F7F;
			remoteInfo = "Unit Converter";
		};
		FC202D1C2CACAF9C00F93F7F /* PBXContainerItemProxy */ = {
			isa = PBXContainerItemProxy;
			containerPortal = FC202CF92CACAF9B00F93F7F /* Project object */;
			proxyType = 1;
			remoteGlobalIDString = FC202D002CACAF9B00F93F7F;
			remoteInfo = "Unit Converter";
		};
/* End PBXContainerItemProxy section */

/* Begin PBXFileReference section */
		FC202D012CACAF9B00F93F7F /* Unit Converter.app */ = {isa = PBXFileReference; explicitFileType = wrapper.application; includeInIndex = 0; path = "Unit Converter.app"; sourceTree = BUILT_PRODUCTS_DIR; };
		FC202D042CACAF9B00F93F7F /* Unit_ConverterApp.swift */ = {isa = PBXFileReference; lastKnownFileType = sourcecode.swift; path = Unit_ConverterApp.swift; sourceTree = "<group>"; };
		FC202D062CACAF9B00F93F7F /* ContentView.swift */ = {isa = PBXFileReference; lastKnownFileType = sourcecode.swift; path = ContentView.swift; sourceTree = "<group>"; };
		FC202D082CACAF9C00F93F7F /* Assets.xcassets */ = {isa = PBXFileReference; lastKnownFileType = folder.assetcatalog; path = Assets.xcassets; sourceTree = "<group>"; };
		FC202D0B2CACAF9C00F93F7F /* Preview Assets.xcassets */ = {isa = PBXFileReference; lastKnownFileType = folder.assetcatalog; path = "Preview Assets.xcassets"; sourceTree = "<group>"; };
		FC202D112CACAF9C00F93F7F /* Unit ConverterTests.xctest */ = {isa = PBXFileReference; explicitFileType = wrapper.cfbundle; includeInIndex = 0; path = "Unit ConverterTests.xctest"; sourceTree = BUILT_PRODUCTS_DIR; };
		FC202D152CACAF9C00F93F7F /* Unit_ConverterTests.swift */ = {isa = PBXFileReference; lastKnownFileType = sourcecode.swift; path = Unit_ConverterTests.swift; sourceTree = "<group>"; };
		FC202D1B2CACAF9C00F93F7F /* Unit ConverterUITests.xctest */ = {isa = PBXFileReference; explicitFileType = wrapper.cfbundle; includeInIndex = 0; path = "Unit ConverterUITests.xctest"; sourceTree = BUILT_PRODUCTS_DIR; };
		FC202D1F2CACAF9C00F93F7F /* Unit_ConverterUITests.swift */ = {isa = PBXFileReference; lastKnownFileType = sourcecode.swift; path = Unit_ConverterUITests.swift; sourceTree = "<group>"; };
		FC202D212CACAF9C00F93F7F /* Unit_ConverterUITestsLaunchTests.swift */ = {isa = PBXFileReference; lastKnownFileType = sourcecode.swift; path = Unit_ConverterUITestsLaunchTests.swift; sourceTree = "<group>"; };
/* End PBXFileReference section */

/* Begin PBXFrameworksBuildPhase section */
		FC202CFE2CACAF9B00F93F7F /* Frameworks */ = {
			isa = PBXFrameworksBuildPhase;
			buildActionMask = 2147483647;
			files = (
			);
			runOnlyForDeploymentPostprocessing = 0;
		};
		FC202D0E2CACAF9C00F93F7F /* Frameworks */ = {
			isa = PBXFrameworksBuildPhase;
			buildActionMask = 2147483647;
			files = (
			);
			runOnlyForDeploymentPostprocessing = 0;
		};
		FC202D182CACAF9C00F93F7F /* Frameworks */ = {
			isa = PBXFrameworksBuildPhase;
			buildActionMask = 2147483647;
			files = (
			);
			runOnlyForDeploymentPostprocessing = 0;
		};
/* End PBXFrameworksBuildPhase section */

/* Begin PBXGroup section */
		FC202CF82CACAF9B00F93F7F = {
			isa = PBXGroup;
			children = (
				FC202D032CACAF9B00F93F7F /* Unit Converter */,
				FC202D142CACAF9C00F93F7F /* Unit ConverterTests */,
				FC202D1E2CACAF9C00F93F7F /* Unit ConverterUITests */,
				FC202D022CACAF9B00F93F7F /* Products */,
			);
			sourceTree = "<group>";
		};
		FC202D022CACAF9B00F93F7F /* Products */ = {
			isa = PBXGroup;
			children = (
				FC202D012CACAF9B00F93F7F /* Unit Converter.app */,
				FC202D112CACAF9C00F93F7F /* Unit ConverterTests.xctest */,
				FC202D1B2CACAF9C00F93F7F /* Unit ConverterUITests.xctest */,
			);
			name = Products;
			sourceTree = "<group>";
		};
		FC202D032CACAF9B00F93F7F /* Unit Converter */ = {
			isa = PBXGroup;
			children = (
				FC202D042CACAF9B00F93F7F /* Unit_ConverterApp.swift */,
				FC202D062CACAF9B00F93F7F /* ContentView.swift */,
				FC202D082CACAF9C00F93F7F /* Assets.xcassets */,
				FC202D0A2CACAF9C00F93F7F /* Preview Content */,
			);
			path = "Unit Converter";
			sourceTree = "<group>";
		};
		FC202D0A2CACAF9C00F93F7F /* Preview Content */ = {
			isa = PBXGroup;
			children = (
				FC202D0B2CACAF9C00F93F7F /* Preview Assets.xcassets */,
			);
			path = "Preview Content";
			sourceTree = "<group>";
		};
		FC202D142CACAF9C00F93F7F /* Unit ConverterTests */ = {
			isa = PBXGroup;
			children = (
				FC202D152CACAF9C00F93F7F /* Unit_ConverterTests.swift */,
			);
			path = "Unit ConverterTests";
			sourceTree = "<group>";
		};
		FC202D1E2CACAF9C00F93F7F /* Unit ConverterUITests */ = {
			isa = PBXGroup;
			children = (
				FC202D1F2CACAF9C00F93F7F /* Unit_ConverterUITests.swift */,
				FC202D212CACAF9C00F93F7F /* Unit_ConverterUITestsLaunchTests.swift */,
			);
			path = "Unit ConverterUITests";
			sourceTree = "<group>";
		};
/* End PBXGroup section */

/* Begin PBXNativeTarget section */
		FC202D002CACAF9B00F93F7F /* Unit Converter */ = {
			isa = PBXNativeTarget;
			buildConfigurationList = FC202D252CACAF9C00F93F7F /* Build configuration list for PBXNativeTarget "Unit Converter" */;
			buildPhases = (
				FC202CFD2CACAF9B00F93F7F /* Sources */,
				FC202CFE2CACAF9B00F93F7F /* Frameworks */,
				FC202CFF2CACAF9B00F93F7F /* Resources */,
			);
			buildRules = (
			);
			dependencies = (
			);
			name = "Unit Converter";
			productName = "Unit Converter";
			productReference = FC202D012CACAF9B00F93F7F /* Unit Converter.app */;
			productType = "com.apple.product-type.application";
		};
		FC202D102CACAF9C00F93F7F /* Unit ConverterTests */ = {
			isa = PBXNativeTarget;
			buildConfigurationList = FC202D282CACAF9C00F93F7F /* Build configuration list for PBXNativeTarget "Unit ConverterTests" */;
			buildPhases = (
				FC202D0D2CACAF9C00F93F7F /* Sources */,
				FC202D0E2CACAF9C00F93F7F /* Frameworks */,
				FC202D0F2CACAF9C00F93F7F /* Resources */,
			);
			buildRules = (
			);
			dependencies = (
				FC202D132CACAF9C00F93F7F /* PBXTargetDependency */,
			);
			name = "Unit ConverterTests";
			productName = "Unit ConverterTests";
			productReference = FC202D112CACAF9C00F93F7F /* Unit ConverterTests.xctest */;
			productType = "com.apple.product-type.bundle.unit-test";
		};
		FC202D1A2CACAF9C00F93F7F /* Unit ConverterUITests */ = {
			isa = PBXNativeTarget;
			buildConfigurationList = FC202D2B2CACAF9C00F93F7F /* Build configuration list for PBXNativeTarget "Unit ConverterUITests" */;
			buildPhases = (
				FC202D172CACAF9C00F93F7F /* Sources */,
				FC202D182CACAF9C00F93F7F /* Frameworks */,
				FC202D192CACAF9C00F93F7F /* Resources */,
			);
			buildRules = (
			);
			dependencies = (
				FC202D1D2CACAF9C00F93F7F /* PBXTargetDependency */,
			);
			name = "Unit ConverterUITests";
			productName = "Unit ConverterUITests";
			productReference = FC202D1B2CACAF9C00F93F7F /* Unit ConverterUITests.xctest */;
			productType = "com.apple.product-type.bundle.ui-testing";
		};
/* End PBXNativeTarget section */

/* Begin PBXProject section */
		FC202CF92CACAF9B00F93F7F /* Project object */ = {
			isa = PBXProject;
			attributes = {
				BuildIndependentTargetsInParallel = 1;
				LastSwiftUpdateCheck = 1540;
				LastUpgradeCheck = 1540;
				TargetAttributes = {
					FC202D002CACAF9B00F93F7F = {
						CreatedOnToolsVersion = 15.4;
					};
					FC202D102CACAF9C00F93F7F = {
						CreatedOnToolsVersion = 15.4;
						TestTargetID = FC202D002CACAF9B00F93F7F;
					};
					FC202D1A2CACAF9C00F93F7F = {
						CreatedOnToolsVersion = 15.4;
						TestTargetID = FC202D002CACAF9B00F93F7F;
					};
				};
			};
			buildConfigurationList = FC202CFC2CACAF9B00F93F7F /* Build configuration list for PBXProject "Unit Converter" */;
			compatibilityVersion = "Xcode 14.0";
			developmentRegion = en;
			hasScannedForEncodings = 0;
			knownRegions = (
				en,
				Base,
			);
			mainGroup = FC202CF82CACAF9B00F93F7F;
			productRefGroup = FC202D022CACAF9B00F93F7F /* Products */;
			projectDirPath = "";
			projectRoot = "";
			targets = (
				FC202D002CACAF9B00F93F7F /* Unit Converter */,
				FC202D102CACAF9C00F93F7F /* Unit ConverterTests */,
				FC202D1A2CACAF9C00F93F7F /* Unit ConverterUITests */,
			);
		};
/* End PBXProject section */

/* Begin PBXResourcesBuildPhase section */
		FC202CFF2CACAF9B00F93F7F /* Resources */ = {
			isa = PBXResourcesBuildPhase;
			buildActionMask = 2147483647;
			files = (
				FC202D0C2CACAF9C00F93F7F /* Preview Assets.xcassets in Resources */,
				FC202D092CACAF9C00F93F7F /* Assets.xcassets in Resources */,
			);
			runOnlyForDeploymentPostprocessing = 0;
		};
		FC202D0F2CACAF9C00F93F7F /* Resources */ = {
			isa = PBXResourcesBuildPhase;
			buildActionMask = 2147483647;
			files = (
			);
			runOnlyForDeploymentPostprocessing = 0;
		};
		FC202D192CACAF9C00F93F7F /* Resources */ = {
			isa = PBXResourcesBuildPhase;
			buildActionMask = 2147483647;
			files = (
			);
			runOnlyForDeploymentPostprocessing = 0;
		};
/* End PBXResourcesBuildPhase section */

/* Begin PBXSourcesBuildPhase section */
		FC202CFD2CACAF9B00F93F7F /* Sources */ = {
			isa = PBXSourcesBuildPhase;
			buildActionMask = 2147483647;
			files = (
				FC202D072CACAF9B00F93F7F /* ContentView.swift in Sources */,
				FC202D052CACAF9B00F93F7F /* Unit_ConverterApp.swift in Sources */,
			);
			runOnlyForDeploymentPostprocessing = 0;
		};
		FC202D0D2CACAF9C00F93F7F /* Sources */ = {
			isa = PBXSourcesBuildPhase;
			buildActionMask = 2147483647;
			files = (
				FC202D162CACAF9C00F93F7F /* Unit_ConverterTests.swift in Sources */,
			);
			runOnlyForDeploymentPostprocessing = 0;
		};
		FC202D172CACAF9C00F93F7F /* Sources */ = {
			isa = PBXSourcesBuildPhase;
			buildActionMask = 2147483647;
			files = (
				FC202D202CACAF9C00F93F7F /* Unit_ConverterUITests.swift in Sources */,
				FC202D222CACAF9C00F93F7F /* Unit_ConverterUITestsLaunchTests.swift in Sources */,
			);
			runOnlyForDeploymentPostprocessing = 0;
		};
/* End PBXSourcesBuildPhase section */

/* Begin PBXTargetDependency section */
		FC202D132CACAF9C00F93F7F /* PBXTargetDependency */ = {
			isa = PBXTargetDependency;
			target = FC202D002CACAF9B00F93F7F /* Unit Converter */;
			targetProxy = FC202D122CACAF9C00F93F7F /* PBXContainerItemProxy */;
		};
		FC202D1D2CACAF9C00F93F7F /* PBXTargetDependency */ = {
			isa = PBXTargetDependency;
			target = FC202D002CACAF9B00F93F7F /* Unit Converter */;
			targetProxy = FC202D1C2CACAF9C00F93F7F /* PBXContainerItemProxy */;
		};
/* End PBXTargetDependency section */

/* Begin XCBuildConfiguration section */
		FC202D232CACAF9C00F93F7F /* Debug */ = {
			isa = XCBuildConfiguration;
			buildSettings = {
				ALWAYS_SEARCH_USER_PATHS = NO;
				ASSETCATALOG_COMPILER_GENERATE_SWIFT_ASSET_SYMBOL_EXTENSIONS = YES;
				CLANG_ANALYZER_NONNULL = YES;
				CLANG_ANALYZER_NUMBER_OBJECT_CONVERSION = YES_AGGRESSIVE;
				CLANG_CXX_LANGUAGE_STANDARD = "gnu++20";
				CLANG_ENABLE_MODULES = YES;
				CLANG_ENABLE_OBJC_ARC = YES;
				CLANG_ENABLE_OBJC_WEAK = YES;
				CLANG_WARN_BLOCK_CAPTURE_AUTORELEASING = YES;
				CLANG_WARN_BOOL_CONVERSION = YES;
				CLANG_WARN_COMMA = YES;
				CLANG_WARN_CONSTANT_CONVERSION = YES;
				CLANG_WARN_DEPRECATED_OBJC_IMPLEMENTATIONS = YES;
				CLANG_WARN_DIRECT_OBJC_ISA_USAGE = YES_ERROR;
				CLANG_WARN_DOCUMENTATION_COMMENTS = YES;
				CLANG_WARN_EMPTY_BODY = YES;
				CLANG_WARN_ENUM_CONVERSION = YES;
				CLANG_WARN_INFINITE_RECURSION = YES;
				CLANG_WARN_INT_CONVERSION = YES;
				CLANG_WARN_NON_LITERAL_NULL_CONVERSION = YES;
				CLANG_WARN_OBJC_IMPLICIT_RETAIN_SELF = YES;
				CLANG_WARN_OBJC_LITERAL_CONVERSION = YES;
				CLANG_WARN_OBJC_ROOT_CLASS = YES_ERROR;
				CLANG_WARN_QUOTED_INCLUDE_IN_FRAMEWORK_HEADER = YES;
				CLANG_WARN_RANGE_LOOP_ANALYSIS = YES;
				CLANG_WARN_STRICT_PROTOTYPES = YES;
				CLANG_WARN_SUSPICIOUS_MOVE = YES;
				CLANG_WARN_UNGUARDED_AVAILABILITY = YES_AGGRESSIVE;
				CLANG_WARN_UNREACHABLE_CODE = YES;
				CLANG_WARN__DUPLICATE_METHOD_MATCH = YES;
				COPY_PHASE_STRIP = NO;
				DEBUG_INFORMATION_FORMAT = dwarf;
				ENABLE_STRICT_OBJC_MSGSEND = YES;
				ENABLE_TESTABILITY = YES;
				ENABLE_USER_SCRIPT_SANDBOXING = YES;
				GCC_C_LANGUAGE_STANDARD = gnu17;
				GCC_DYNAMIC_NO_PIC = NO;
				GCC_NO_COMMON_BLOCKS = YES;
				GCC_OPTIMIZATION_LEVEL = 0;
				GCC_PREPROCESSOR_DEFINITIONS = (
					"DEBUG=1",
					"$(inherited)",
				);
				GCC_WARN_64_TO_32_BIT_CONVERSION = YES;
				GCC_WARN_ABOUT_RETURN_TYPE = YES_ERROR;
				GCC_WARN_UNDECLARED_SELECTOR = YES;
				GCC_WARN_UNINITIALIZED_AUTOS = YES_AGGRESSIVE;
				GCC_WARN_UNUSED_FUNCTION = YES;
				GCC_WARN_UNUSED_VARIABLE = YES;
				IPHONEOS_DEPLOYMENT_TARGET = 17.5;
				LOCALIZATION_PREFERS_STRING_CATALOGS = YES;
				MTL_ENABLE_DEBUG_INFO = INCLUDE_SOURCE;
				MTL_FAST_MATH = YES;
				ONLY_ACTIVE_ARCH = YES;
				SDKROOT = iphoneos;
				SWIFT_ACTIVE_COMPILATION_CONDITIONS = "DEBUG $(inherited)";
				SWIFT_OPTIMIZATION_LEVEL = "-Onone";
			};
			name = Debug;
		};
		FC202D242CACAF9C00F93F7F /* Release */ = {
			isa = XCBuildConfiguration;
			buildSettings = {
				ALWAYS_SEARCH_USER_PATHS = NO;
				ASSETCATALOG_COMPILER_GENERATE_SWIFT_ASSET_SYMBOL_EXTENSIONS = YES;
				CLANG_ANALYZER_NONNULL = YES;
				CLANG_ANALYZER_NUMBER_OBJECT_CONVERSION = YES_AGGRESSIVE;
				CLANG_CXX_LANGUAGE_STANDARD = "gnu++20";
				CLANG_ENABLE_MODULES = YES;
				CLANG_ENABLE_OBJC_ARC = YES;
				CLANG_ENABLE_OBJC_WEAK = YES;
				CLANG_WARN_BLOCK_CAPTURE_AUTORELEASING = YES;
				CLANG_WARN_BOOL_CONVERSION = YES;
				CLANG_WARN_COMMA = YES;
				CLANG_WARN_CONSTANT_CONVERSION = YES;
				CLANG_WARN_DEPRECATED_OBJC_IMPLEMENTATIONS = YES;
				CLANG_WARN_DIRECT_OBJC_ISA_USAGE = YES_ERROR;
				CLANG_WARN_DOCUMENTATION_COMMENTS = YES;
				CLANG_WARN_EMPTY_BODY = YES;
				CLANG_WARN_ENUM_CONVERSION = YES;
				CLANG_WARN_INFINITE_RECURSION = YES;
				CLANG_WARN_INT_CONVERSION = YES;
				CLANG_WARN_NON_LITERAL_NULL_CONVERSION = YES;
				CLANG_WARN_OBJC_IMPLICIT_RETAIN_SELF = YES;
				CLANG_WARN_OBJC_LITERAL_CONVERSION = YES;
				CLANG_WARN_OBJC_ROOT_CLASS = YES_ERROR;
				CLANG_WARN_QUOTED_INCLUDE_IN_FRAMEWORK_HEADER = YES;
				CLANG_WARN_RANGE_LOOP_ANALYSIS = YES;
				CLANG_WARN_STRICT_PROTOTYPES = YES;
				CLANG_WARN_SUSPICIOUS_MOVE = YES;
				CLANG_WARN_UNGUARDED_AVAILABILITY = YES_AGGRESSIVE;
				CLANG_WARN_UNREACHABLE_CODE = YES;
				CLANG_WARN__DUPLICATE_METHOD_MATCH = YES;
				COPY_PHASE_STRIP = NO;
				DEBUG_INFORMATION_FORMAT = "dwarf-with-dsym";
				ENABLE_NS_ASSERTIONS = NO;
				ENABLE_STRICT_OBJC_MSGSEND = YES;
				ENABLE_USER_SCRIPT_SANDBOXING = YES;
				GCC_C_LANGUAGE_STANDARD = gnu17;
				GCC_NO_COMMON_BLOCKS = YES;
				GCC_WARN_64_TO_32_BIT_CONVERSION = YES;
				GCC_WARN_ABOUT_RETURN_TYPE = YES_ERROR;
				GCC_WARN_UNDECLARED_SELECTOR = YES;
				GCC_WARN_UNINITIALIZED_AUTOS = YES_AGGRESSIVE;
				GCC_WARN_UNUSED_FUNCTION = YES;
				GCC_WARN_UNUSED_VARIABLE = YES;
				IPHONEOS_DEPLOYMENT_TARGET = 17.5;
				LOCALIZATION_PREFERS_STRING_CATALOGS = YES;
				MTL_ENABLE_DEBUG_INFO = NO;
				MTL_FAST_MATH = YES;
				SDKROOT = iphoneos;
				SWIFT_COMPILATION_MODE = wholemodule;
				VALIDATE_PRODUCT = YES;
			};
			name = Release;
		};
		FC202D262CACAF9C00F93F7F /* Debug */ = {
			isa = XCBuildConfiguration;
			buildSettings = {
				ASSETCATALOG_COMPILER_APPICON_NAME = AppIcon;
				ASSETCATALOG_COMPILER_GLOBAL_ACCENT_COLOR_NAME = AccentColor;
				CODE_SIGN_STYLE = Automatic;
				CURRENT_PROJECT_VERSION = 1;
				DEVELOPMENT_ASSET_PATHS = "\"Unit Converter/Preview Content\"";
				ENABLE_PREVIEWS = YES;
				GENERATE_INFOPLIST_FILE = YES;
				INFOPLIST_KEY_UIApplicationSceneManifest_Generation = YES;
				INFOPLIST_KEY_UIApplicationSupportsIndirectInputEvents = YES;
				INFOPLIST_KEY_UILaunchScreen_Generation = YES;
				INFOPLIST_KEY_UISupportedInterfaceOrientations_iPad = "UIInterfaceOrientationPortrait UIInterfaceOrientationPortraitUpsideDown UIInterfaceOrientationLandscapeLeft UIInterfaceOrientationLandscapeRight";
				INFOPLIST_KEY_UISupportedInterfaceOrientations_iPhone = "UIInterfaceOrientationPortrait UIInterfaceOrientationLandscapeLeft UIInterfaceOrientationLandscapeRight";
				LD_RUNPATH_SEARCH_PATHS = (
					"$(inherited)",
					"@executable_path/Frameworks",
				);
				MARKETING_VERSION = 1.0;
				PRODUCT_BUNDLE_IDENTIFIER = "Ashna-Shah.Unit-Converter";
				PRODUCT_NAME = "$(TARGET_NAME)";
				SWIFT_EMIT_LOC_STRINGS = YES;
				SWIFT_VERSION = 5.0;
				TARGETED_DEVICE_FAMILY = "1,2";
			};
			name = Debug;
		};
		FC202D272CACAF9C00F93F7F /* Release */ = {
			isa = XCBuildConfiguration;
			buildSettings = {
				ASSETCATALOG_COMPILER_APPICON_NAME = AppIcon;
				ASSETCATALOG_COMPILER_GLOBAL_ACCENT_COLOR_NAME = AccentColor;
				CODE_SIGN_STYLE = Automatic;
				CURRENT_PROJECT_VERSION = 1;
				DEVELOPMENT_ASSET_PATHS = "\"Unit Converter/Preview Content\"";
				ENABLE_PREVIEWS = YES;
				GENERATE_INFOPLIST_FILE = YES;
				INFOPLIST_KEY_UIApplicationSceneManifest_Generation = YES;
				INFOPLIST_KEY_UIApplicationSupportsIndirectInputEvents = YES;
				INFOPLIST_KEY_UILaunchScreen_Generation = YES;
				INFOPLIST_KEY_UISupportedInterfaceOrientations_iPad = "UIInterfaceOrientationPortrait UIInterfaceOrientationPortraitUpsideDown UIInterfaceOrientationLandscapeLeft UIInterfaceOrientationLandscapeRight";
				INFOPLIST_KEY_UISupportedInterfaceOrientations_iPhone = "UIInterfaceOrientationPortrait UIInterfaceOrientationLandscapeLeft UIInterfaceOrientationLandscapeRight";
				LD_RUNPATH_SEARCH_PATHS = (
					"$(inherited)",
					"@executable_path/Frameworks",
				);
				MARKETING_VERSION = 1.0;
				PRODUCT_BUNDLE_IDENTIFIER = "Ashna-Shah.Unit-Converter";
				PRODUCT_NAME = "$(TARGET_NAME)";
				SWIFT_EMIT_LOC_STRINGS = YES;
				SWIFT_VERSION = 5.0;
				TARGETED_DEVICE_FAMILY = "1,2";
			};
			name = Release;
		};
		FC202D292CACAF9C00F93F7F /* Debug */ = {
			isa = XCBuildConfiguration;
			buildSettings = {
				ALWAYS_EMBED_SWIFT_STANDARD_LIBRARIES = YES;
				BUNDLE_LOADER = "$(TEST_HOST)";
				CODE_SIGN_STYLE = Automatic;
				CURRENT_PROJECT_VERSION = 1;
				GENERATE_INFOPLIST_FILE = YES;
				IPHONEOS_DEPLOYMENT_TARGET = 17.5;
				MARKETING_VERSION = 1.0;
				PRODUCT_BUNDLE_IDENTIFIER = "Ashna-Shah.Unit-ConverterTests";
				PRODUCT_NAME = "$(TARGET_NAME)";
				SWIFT_EMIT_LOC_STRINGS = NO;
				SWIFT_VERSION = 5.0;
				TARGETED_DEVICE_FAMILY = "1,2";
				TEST_HOST = "$(BUILT_PRODUCTS_DIR)/Unit Converter.app/$(BUNDLE_EXECUTABLE_FOLDER_PATH)/Unit Converter";
			};
			name = Debug;
		};
		FC202D2A2CACAF9C00F93F7F /* Release */ = {
			isa = XCBuildConfiguration;
			buildSettings = {
				ALWAYS_EMBED_SWIFT_STANDARD_LIBRARIES = YES;
				BUNDLE_LOADER = "$(TEST_HOST)";
				CODE_SIGN_STYLE = Automatic;
				CURRENT_PROJECT_VERSION = 1;
				GENERATE_INFOPLIST_FILE = YES;
				IPHONEOS_DEPLOYMENT_TARGET = 17.5;
				MARKETING_VERSION = 1.0;
				PRODUCT_BUNDLE_IDENTIFIER = "Ashna-Shah.Unit-ConverterTests";
				PRODUCT_NAME = "$(TARGET_NAME)";
				SWIFT_EMIT_LOC_STRINGS = NO;
				SWIFT_VERSION = 5.0;
				TARGETED_DEVICE_FAMILY = "1,2";
				TEST_HOST = "$(BUILT_PRODUCTS_DIR)/Unit Converter.app/$(BUNDLE_EXECUTABLE_FOLDER_PATH)/Unit Converter";
			};
			name = Release;
		};
		FC202D2C2CACAF9C00F93F7F /* Debug */ = {
			isa = XCBuildConfiguration;
			buildSettings = {
				ALWAYS_EMBED_SWIFT_STANDARD_LIBRARIES = YES;
				CODE_SIGN_STYLE = Automatic;
				CURRENT_PROJECT_VERSION = 1;
				GENERATE_INFOPLIST_FILE = YES;
				MARKETING_VERSION = 1.0;
				PRODUCT_BUNDLE_IDENTIFIER = "Ashna-Shah.Unit-ConverterUITests";
				PRODUCT_NAME = "$(TARGET_NAME)";
				SWIFT_EMIT_LOC_STRINGS = NO;
				SWIFT_VERSION = 5.0;
				TARGETED_DEVICE_FAMILY = "1,2";
				TEST_TARGET_NAME = "Unit Converter";
			};
			name = Debug;
		};
		FC202D2D2CACAF9C00F93F7F /* Release */ = {
			isa = XCBuildConfiguration;
			buildSettings = {
				ALWAYS_EMBED_SWIFT_STANDARD_LIBRARIES = YES;
				CODE_SIGN_STYLE = Automatic;
				CURRENT_PROJECT_VERSION = 1;
				GENERATE_INFOPLIST_FILE = YES;
				MARKETING_VERSION = 1.0;
				PRODUCT_BUNDLE_IDENTIFIER = "Ashna-Shah.Unit-ConverterUITests";
				PRODUCT_NAME = "$(TARGET_NAME)";
				SWIFT_EMIT_LOC_STRINGS = NO;
				SWIFT_VERSION = 5.0;
				TARGETED_DEVICE_FAMILY = "1,2";
				TEST_TARGET_NAME = "Unit Converter";
			};
			name = Release;
		};
/* End XCBuildConfiguration section */

/* Begin XCConfigurationList section */
		FC202CFC2CACAF9B00F93F7F /* Build configuration list for PBXProject "Unit Converter" */ = {
			isa = XCConfigurationList;
			buildConfigurations = (
				FC202D232CACAF9C00F93F7F /* Debug */,
				FC202D242CACAF9C00F93F7F /* Release */,
			);
			defaultConfigurationIsVisible = 0;
			defaultConfigurationName = Release;
		};
		FC202D252CACAF9C00F93F7F /* Build configuration list for PBXNativeTarget "Unit Converter" */ = {
			isa = XCConfigurationList;
			buildConfigurations = (
				FC202D262CACAF9C00F93F7F /* Debug */,
				FC202D272CACAF9C00F93F7F /* Release */,
			);
			defaultConfigurationIsVisible = 0;
			defaultConfigurationName = Release;
		};
		FC202D282CACAF9C00F93F7F /* Build configuration list for PBXNativeTarget "Unit ConverterTests" */ = {
			isa = XCConfigurationList;
			buildConfigurations = (
				FC202D292CACAF9C00F93F7F /* Debug */,
				FC202D2A2CACAF9C00F93F7F /* Release */,
			);
			defaultConfigurationIsVisible = 0;
			defaultConfigurationName = Release;
		};
		FC202D2B2CACAF9C00F93F7F /* Build configuration list for PBXNativeTarget "Unit ConverterUITests" */ = {
			isa = XCConfigurationList;
			buildConfigurations = (
				FC202D2C2CACAF9C00F93F7F /* Debug */,
				FC202D2D2CACAF9C00F93F7F /* Release */,
			);
			defaultConfigurationIsVisible = 0;
			defaultConfigurationName = Release;
		};
/* End XCConfigurationList section */
	};
	rootObject = FC202CF92CACAF9B00F93F7F /* Project object */;
}
